// !$*UTF8*$!
{
	archiveVersion = 1;
	classes = {
	};
	objectVersion = 46;
	objects = {

/* Begin PBXBuildFile section */
		75B260781C692A9D00ADACEC /* AppDelegate.swift in Sources */ = {isa = PBXBuildFile; fileRef = 75B260771C692A9D00ADACEC /* AppDelegate.swift */; };
		75B2607A1C692A9D00ADACEC /* ViewController.swift in Sources */ = {isa = PBXBuildFile; fileRef = 75B260791C692A9D00ADACEC /* ViewController.swift */; };
		75B2607D1C692A9D00ADACEC /* Main.storyboard in Resources */ = {isa = PBXBuildFile; fileRef = 75B2607B1C692A9D00ADACEC /* Main.storyboard */; };
		75B2607F1C692A9D00ADACEC /* Assets.xcassets in Resources */ = {isa = PBXBuildFile; fileRef = 75B2607E1C692A9D00ADACEC /* Assets.xcassets */; };
		75B260821C692A9D00ADACEC /* LaunchScreen.storyboard in Resources */ = {isa = PBXBuildFile; fileRef = 75B260801C692A9D00ADACEC /* LaunchScreen.storyboard */; };
		75B2608C1C692C0F00ADACEC /* TwitterClient.swift in Sources */ = {isa = PBXBuildFile; fileRef = 75B2608B1C692C0F00ADACEC /* TwitterClient.swift */; };
		E58DEC7A86D211D6DCA5B03D /* Pods_Twitter.framework in Frameworks */ = {isa = PBXBuildFile; fileRef = ABDB13DCFA0A4D175B463C66 /* Pods_Twitter.framework */; };
/* End PBXBuildFile section */

/* Begin PBXFileReference section */
		75B260741C692A9D00ADACEC /* Twitter.app */ = {isa = PBXFileReference; explicitFileType = wrapper.application; includeInIndex = 0; path = Twitter.app; sourceTree = BUILT_PRODUCTS_DIR; };
		75B260771C692A9D00ADACEC /* AppDelegate.swift */ = {isa = PBXFileReference; lastKnownFileType = sourcecode.swift; path = AppDelegate.swift; sourceTree = "<group>"; };
		75B260791C692A9D00ADACEC /* ViewController.swift */ = {isa = PBXFileReference; lastKnownFileType = sourcecode.swift; path = ViewController.swift; sourceTree = "<group>"; };
		75B2607C1C692A9D00ADACEC /* Base */ = {isa = PBXFileReference; lastKnownFileType = file.storyboard; name = Base; path = Base.lproj/Main.storyboard; sourceTree = "<group>"; };
		75B2607E1C692A9D00ADACEC /* Assets.xcassets */ = {isa = PBXFileReference; lastKnownFileType = folder.assetcatalog; path = Assets.xcassets; sourceTree = "<group>"; };
		75B260811C692A9D00ADACEC /* Base */ = {isa = PBXFileReference; lastKnownFileType = file.storyboard; name = Base; path = Base.lproj/LaunchScreen.storyboard; sourceTree = "<group>"; };
		75B260831C692A9D00ADACEC /* Info.plist */ = {isa = PBXFileReference; lastKnownFileType = text.plist.xml; path = Info.plist; sourceTree = "<group>"; };
		75B2608B1C692C0F00ADACEC /* TwitterClient.swift */ = {isa = PBXFileReference; fileEncoding = 4; lastKnownFileType = sourcecode.swift; path = TwitterClient.swift; sourceTree = "<group>"; };
		75B2608D1C692E7300ADACEC /* Twitter-Bridging-Header.h */ = {isa = PBXFileReference; lastKnownFileType = sourcecode.c.h; path = "Twitter-Bridging-Header.h"; sourceTree = "<group>"; };
		ABDB13DCFA0A4D175B463C66 /* Pods_Twitter.framework */ = {isa = PBXFileReference; explicitFileType = wrapper.framework; includeInIndex = 0; path = Pods_Twitter.framework; sourceTree = BUILT_PRODUCTS_DIR; };
		AD237F4716142463495011EF /* Pods-Twitter.release.xcconfig */ = {isa = PBXFileReference; includeInIndex = 1; lastKnownFileType = text.xcconfig; name = "Pods-Twitter.release.xcconfig"; path = "Pods/Target Support Files/Pods-Twitter/Pods-Twitter.release.xcconfig"; sourceTree = "<group>"; };
		E9F70B270878B4A625072AD5 /* Pods-Twitter.debug.xcconfig */ = {isa = PBXFileReference; includeInIndex = 1; lastKnownFileType = text.xcconfig; name = "Pods-Twitter.debug.xcconfig"; path = "Pods/Target Support Files/Pods-Twitter/Pods-Twitter.debug.xcconfig"; sourceTree = "<group>"; };
/* End PBXFileReference section */

/* Begin PBXFrameworksBuildPhase section */
		75B260711C692A9D00ADACEC /* Frameworks */ = {
			isa = PBXFrameworksBuildPhase;
			buildActionMask = 2147483647;
			files = (
				E58DEC7A86D211D6DCA5B03D /* Pods_Twitter.framework in Frameworks */,
			);
			runOnlyForDeploymentPostprocessing = 0;
		};
/* End PBXFrameworksBuildPhase section */

/* Begin PBXGroup section */
		59DC8F9899CEA9DF3AAAF35C /* Pods */ = {
			isa = PBXGroup;
			children = (
				E9F70B270878B4A625072AD5 /* Pods-Twitter.debug.xcconfig */,
				AD237F4716142463495011EF /* Pods-Twitter.release.xcconfig */,
			);
			name = Pods;
			sourceTree = "<group>";
		};
		75B2606B1C692A9D00ADACEC = {
			isa = PBXGroup;
			children = (
				75B260761C692A9D00ADACEC /* Twitter */,
				75B260751C692A9D00ADACEC /* Products */,
				59DC8F9899CEA9DF3AAAF35C /* Pods */,
				D87BCB34A3AD2BAD34D1184F /* Frameworks */,
			);
			sourceTree = "<group>";
		};
		75B260751C692A9D00ADACEC /* Products */ = {
			isa = PBXGroup;
			children = (
				75B260741C692A9D00ADACEC /* Twitter.app */,
			);
			name = Products;
			sourceTree = "<group>";
		};
		75B260761C692A9D00ADACEC /* Twitter */ = {
			isa = PBXGroup;
			children = (
				75B260891C692BBC00ADACEC /* API */,
				75B260771C692A9D00ADACEC /* AppDelegate.swift */,
				75B260791C692A9D00ADACEC /* ViewController.swift */,
				75B2607B1C692A9D00ADACEC /* Main.storyboard */,
				75B2607E1C692A9D00ADACEC /* Assets.xcassets */,
				75B260801C692A9D00ADACEC /* LaunchScreen.storyboard */,
				75B260831C692A9D00ADACEC /* Info.plist */,
				75B2608D1C692E7300ADACEC /* Twitter-Bridging-Header.h */,
			);
			path = Twitter;
			sourceTree = "<group>";
		};
		75B260891C692BBC00ADACEC /* API */ = {
			isa = PBXGroup;
			children = (
				75B2608B1C692C0F00ADACEC /* TwitterClient.swift */,
			);
			name = API;
			sourceTree = "<group>";
		};
		D87BCB34A3AD2BAD34D1184F /* Frameworks */ = {
			isa = PBXGroup;
			children = (
				ABDB13DCFA0A4D175B463C66 /* Pods_Twitter.framework */,
			);
			name = Frameworks;
			sourceTree = "<group>";
		};
/* End PBXGroup section */

/* Begin PBXNativeTarget section */
		75B260731C692A9D00ADACEC /* Twitter */ = {
			isa = PBXNativeTarget;
			buildConfigurationList = 75B260861C692A9D00ADACEC /* Build configuration list for PBXNativeTarget "Twitter" */;
			buildPhases = (
				A5A348A23A80D3F25A975E5B /* Check Pods Manifest.lock */,
				75B260701C692A9D00ADACEC /* Sources */,
				75B260711C692A9D00ADACEC /* Frameworks */,
				75B260721C692A9D00ADACEC /* Resources */,
				3FA8C97A63FFD908A924BCE8 /* Embed Pods Frameworks */,
				EFC476BF7088395253D405FA /* Copy Pods Resources */,
			);
			buildRules = (
			);
			dependencies = (
			);
			name = Twitter;
			productName = Twitter;
			productReference = 75B260741C692A9D00ADACEC /* Twitter.app */;
			productType = "com.apple.product-type.application";
		};
/* End PBXNativeTarget section */

/* Begin PBXProject section */
		75B2606C1C692A9D00ADACEC /* Project object */ = {
			isa = PBXProject;
			attributes = {
				LastSwiftUpdateCheck = 0720;
				LastUpgradeCheck = 0720;
				ORGANIZATIONNAME = "Karlygash Zhuginissova";
				TargetAttributes = {
					75B260731C692A9D00ADACEC = {
						CreatedOnToolsVersion = 7.2;
					};
				};
			};
			buildConfigurationList = 75B2606F1C692A9D00ADACEC /* Build configuration list for PBXProject "Twitter" */;
			compatibilityVersion = "Xcode 3.2";
			developmentRegion = English;
			hasScannedForEncodings = 0;
			knownRegions = (
				en,
				Base,
			);
			mainGroup = 75B2606B1C692A9D00ADACEC;
			productRefGroup = 75B260751C692A9D00ADACEC /* Products */;
			projectDirPath = "";
			projectRoot = "";
			targets = (
				75B260731C692A9D00ADACEC /* Twitter */,
			);
		};
/* End PBXProject section */

/* Begin PBXResourcesBuildPhase section */
		75B260721C692A9D00ADACEC /* Resources */ = {
			isa = PBXResourcesBuildPhase;
			buildActionMask = 2147483647;
			files = (
				75B260821C692A9D00ADACEC /* LaunchScreen.storyboard in Resources */,
				75B2607F1C692A9D00ADACEC /* Assets.xcassets in Resources */,
				75B2607D1C692A9D00ADACEC /* Main.storyboard in Resources */,
			);
			runOnlyForDeploymentPostprocessing = 0;
		};
/* End PBXResourcesBuildPhase section */

/* Begin PBXShellScriptBuildPhase section */
		3FA8C97A63FFD908A924BCE8 /* Embed Pods Frameworks */ = {
			isa = PBXShellScriptBuildPhase;
			buildActionMask = 2147483647;
			files = (
			);
			inputPaths = (
			);
			name = "Embed Pods Frameworks";
			outputPaths = (
			);
			runOnlyForDeploymentPostprocessing = 0;
			shellPath = /bin/sh;
			shellScript = "\"${SRCROOT}/Pods/Target Support Files/Pods-Twitter/Pods-Twitter-frameworks.sh\"\n";
			showEnvVarsInLog = 0;
		};
		A5A348A23A80D3F25A975E5B /* Check Pods Manifest.lock */ = {
			isa = PBXShellScriptBuildPhase;
			buildActionMask = 2147483647;
			files = (
			);
			inputPaths = (
			);
			name = "Check Pods Manifest.lock";
			outputPaths = (
			);
			runOnlyForDeploymentPostprocessing = 0;
			shellPath = /bin/sh;
			shellScript = "diff \"${PODS_ROOT}/../Podfile.lock\" \"${PODS_ROOT}/Manifest.lock\" > /dev/null\nif [[ $? != 0 ]] ; then\n    cat << EOM\nerror: The sandbox is not in sync with the Podfile.lock. Run 'pod install' or update your CocoaPods installation.\nEOM\n    exit 1\nfi\n";
			showEnvVarsInLog = 0;
		};
		EFC476BF7088395253D405FA /* Copy Pods Resources */ = {
			isa = PBXShellScriptBuildPhase;
			buildActionMask = 2147483647;
			files = (
			);
			inputPaths = (
			);
			name = "Copy Pods Resources";
			outputPaths = (
			);
			runOnlyForDeploymentPostprocessing = 0;
			shellPath = /bin/sh;
			shellScript = "\"${SRCROOT}/Pods/Target Support Files/Pods-Twitter/Pods-Twitter-resources.sh\"\n";
			showEnvVarsInLog = 0;
		};
/* End PBXShellScriptBuildPhase section */

/* Begin PBXSourcesBuildPhase section */
		75B260701C692A9D00ADACEC /* Sources */ = {
			isa = PBXSourcesBuildPhase;
			buildActionMask = 2147483647;
			files = (
				75B2607A1C692A9D00ADACEC /* ViewController.swift in Sources */,
				75B2608C1C692C0F00ADACEC /* TwitterClient.swift in Sources */,
				75B260781C692A9D00ADACEC /* AppDelegate.swift in Sources */,
			);
			runOnlyForDeploymentPostprocessing = 0;
		};
/* End PBXSourcesBuildPhase section */

/* Begin PBXVariantGroup section */
		75B2607B1C692A9D00ADACEC /* Main.storyboard */ = {
			isa = PBXVariantGroup;
			children = (
				75B2607C1C692A9D00ADACEC /* Base */,
			);
			name = Main.storyboard;
			sourceTree = "<group>";
		};
		75B260801C692A9D00ADACEC /* LaunchScreen.storyboard */ = {
			isa = PBXVariantGroup;
			children = (
				75B260811C692A9D00ADACEC /* Base */,
			);
			name = LaunchScreen.storyboard;
			sourceTree = "<group>";
		};
/* End PBXVariantGroup section */

/* Begin XCBuildConfiguration section */
		75B260841C692A9D00ADACEC /* Debug */ = {
			isa = XCBuildConfiguration;
			buildSettings = {
				ALWAYS_SEARCH_USER_PATHS = NO;
				CLANG_CXX_LANGUAGE_STANDARD = "gnu++0x";
				CLANG_CXX_LIBRARY = "libc++";
				CLANG_ENABLE_MODULES = YES;
				CLANG_ENABLE_OBJC_ARC = YES;
				CLANG_WARN_BOOL_CONVERSION = YES;
				CLANG_WARN_CONSTANT_CONVERSION = YES;
				CLANG_WARN_DIRECT_OBJC_ISA_USAGE = YES_ERROR;
				CLANG_WARN_EMPTY_BODY = YES;
				CLANG_WARN_ENUM_CONVERSION = YES;
				CLANG_WARN_INT_CONVERSION = YES;
				CLANG_WARN_OBJC_ROOT_CLASS = YES_ERROR;
				CLANG_WARN_UNREACHABLE_CODE = YES;
				CLANG_WARN__DUPLICATE_METHOD_MATCH = YES;
				"CODE_SIGN_IDENTITY[sdk=iphoneos*]" = "iPhone Developer";
				COPY_PHASE_STRIP = NO;
				DEBUG_INFORMATION_FORMAT = dwarf;
				ENABLE_STRICT_OBJC_MSGSEND = YES;
				ENABLE_TESTABILITY = YES;
				GCC_C_LANGUAGE_STANDARD = gnu99;
				GCC_DYNAMIC_NO_PIC = NO;
				GCC_NO_COMMON_BLOCKS = YES;
				GCC_OPTIMIZATION_LEVEL = 0;
				GCC_PREPROCESSOR_DEFINITIONS = (
					"DEBUG=1",
					"$(inherited)",
				);
				GCC_WARN_64_TO_32_BIT_CONVERSION = YES;
				GCC_WARN_ABOUT_RETURN_TYPE = YES_ERROR;
				GCC_WARN_UNDECLARED_SELECTOR = YES;
				GCC_WARN_UNINITIALIZED_AUTOS = YES_AGGRESSIVE;
				GCC_WARN_UNUSED_FUNCTION = YES;
				GCC_WARN_UNUSED_VARIABLE = YES;
				IPHONEOS_DEPLOYMENT_TARGET = 9.2;
				MTL_ENABLE_DEBUG_INFO = YES;
				ONLY_ACTIVE_ARCH = YES;
				SDKROOT = iphoneos;
				SWIFT_OPTIMIZATION_LEVEL = "-Onone";
			};
			name = Debug;
		};
		75B260851C692A9D00ADACEC /* Release */ = {
			isa = XCBuildConfiguration;
			buildSettings = {
				ALWAYS_SEARCH_USER_PATHS = NO;
				CLANG_CXX_LANGUAGE_STANDARD = "gnu++0x";
				CLANG_CXX_LIBRARY = "libc++";
				CLANG_ENABLE_MODULES = YES;
				CLANG_ENABLE_OBJC_ARC = YES;
				CLANG_WARN_BOOL_CONVERSION = YES;
				CLANG_WARN_CONSTANT_CONVERSION = YES;
				CLANG_WARN_DIRECT_OBJC_ISA_USAGE = YES_ERROR;
				CLANG_WARN_EMPTY_BODY = YES;
				CLANG_WARN_ENUM_CONVERSION = YES;
				CLANG_WARN_INT_CONVERSION = YES;
				CLANG_WARN_OBJC_ROOT_CLASS = YES_ERROR;
				CLANG_WARN_UNREACHABLE_CODE = YES;
				CLANG_WARN__DUPLICATE_METHOD_MATCH = YES;
				"CODE_SIGN_IDENTITY[sdk=iphoneos*]" = "iPhone Developer";
				COPY_PHASE_STRIP = NO;
				DEBUG_INFORMATION_FORMAT = "dwarf-with-dsym";
				ENABLE_NS_ASSERTIONS = NO;
				ENABLE_STRICT_OBJC_MSGSEND = YES;
				GCC_C_LANGUAGE_STANDARD = gnu99;
				GCC_NO_COMMON_BLOCKS = YES;
				GCC_WARN_64_TO_32_BIT_CONVERSION = YES;
				GCC_WARN_ABOUT_RETURN_TYPE = YES_ERROR;
				GCC_WARN_UNDECLARED_SELECTOR = YES;
				GCC_WARN_UNINITIALIZED_AUTOS = YES_AGGRESSIVE;
				GCC_WARN_UNUSED_FUNCTION = YES;
				GCC_WARN_UNUSED_VARIABLE = YES;
				IPHONEOS_DEPLOYMENT_TARGET = 9.2;
				MTL_ENABLE_DEBUG_INFO = NO;
				SDKROOT = iphoneos;
				VALIDATE_PRODUCT = YES;
			};
			name = Release;
		};
		75B260871C692A9D00ADACEC /* Debug */ = {
			isa = XCBuildConfiguration;
			baseConfigurationReference = E9F70B270878B4A625072AD5 /* Pods-Twitter.debug.xcconfig */;
			buildSettings = {
				ASSETCATALOG_COMPILER_APPICON_NAME = AppIcon;
				CLANG_ENABLE_MODULES = YES;
				INFOPLIST_FILE = Twitter/Info.plist;
				LD_RUNPATH_SEARCH_PATHS = "$(inherited) @executable_path/Frameworks";
				PRODUCT_BUNDLE_IDENTIFIER = com.karlygashzhuginissova.Twitter;
				PRODUCT_NAME = "$(TARGET_NAME)";
				SWIFT_OBJC_BRIDGING_HEADER = "Twitter/Twitter-Bridging-Header.h";
				SWIFT_OPTIMIZATION_LEVEL = "-Onone";
			};
			name = Debug;
		};
		75B260881C692A9D00ADACEC /* Release */ = {
			isa = XCBuildConfiguration;
			baseConfigurationReference = AD237F4716142463495011EF /* Pods-Twitter.release.xcconfig */;
			buildSettings = {
				ASSETCATALOG_COMPILER_APPICON_NAME = AppIcon;
				CLANG_ENABLE_MODULES = YES;
				INFOPLIST_FILE = Twitter/Info.plist;
				LD_RUNPATH_SEARCH_PATHS = "$(inherited) @executable_path/Frameworks";
				PRODUCT_BUNDLE_IDENTIFIER = com.karlygashzhuginissova.Twitter;
				PRODUCT_NAME = "$(TARGET_NAME)";
				SWIFT_OBJC_BRIDGING_HEADER = "Twitter/Twitter-Bridging-Header.h";
			};
			name = Release;
		};
/* End XCBuildConfiguration section */

/* Begin XCConfigurationList section */
		75B2606F1C692A9D00ADACEC /* Build configuration list for PBXProject "Twitter" */ = {
			isa = XCConfigurationList;
			buildConfigurations = (
				75B260841C692A9D00ADACEC /* Debug */,
				75B260851C692A9D00ADACEC /* Release */,
			);
			defaultConfigurationIsVisible = 0;
			defaultConfigurationName = Release;
		};
		75B260861C692A9D00ADACEC /* Build configuration list for PBXNativeTarget "Twitter" */ = {
			isa = XCConfigurationList;
			buildConfigurations = (
				75B260871C692A9D00ADACEC /* Debug */,
				75B260881C692A9D00ADACEC /* Release */,
			);
			defaultConfigurationIsVisible = 0;
			defaultConfigurationName = Release;
		};
/* End XCConfigurationList section */
	};
	rootObject = 75B2606C1C692A9D00ADACEC /* Project object */;
}
